{
  "name": "gn_module_conservation_strategy",
  "version": "0.5.0",
  "lockfileVersion": 1,
  "requires": true,
  "dependencies": {
    "@angular-material-components/datetime-picker": {
      "version": "15.0.0",
      "resolved": "https://registry.npmjs.org/@angular-material-components/datetime-picker/-/datetime-picker-15.0.0.tgz",
      "integrity": "sha512-WMnvab14KA+V1UPkNv6+3Ka1ySJXeps3aD1ijqgdyLRp5qrGCMtrMhVpdZFJ1WPZrsqtd7yG3hh1w4aR2Cb8xA==",
      "requires": {
        "tslib": "^2.3.0"
      }
    },
    "@angular-material-components/moment-adapter": {
      "version": "15.0.0",
      "resolved": "https://registry.npmjs.org/@angular-material-components/moment-adapter/-/moment-adapter-15.0.0.tgz",
      "integrity": "sha512-D1sLnVwKtUGnzKZzjwVjUZ9Lz1ZYStGvJmoXnOofE4ZIECjQsBKtoVtiI0nAXkvnVCpJPMvfDChPrW8WXeTsSw==",
      "requires": {
        "tslib": "^2.3.0"
      }
    },
    "ngx-bootstrap": {
      "version": "10.3.0",
      "resolved": "https://registry.npmjs.org/ngx-bootstrap/-/ngx-bootstrap-10.3.0.tgz",
      "integrity": "sha512-Ok9umbq4tqJSXMy/5/+2VZJHcwj7hD3a3x2KkF1A+f0e70BARY8rfr9QKjGgvywWNyZMf0Z5PvE1WEeEiMvCkA==",
      "requires": {
        "tslib": "^2.3.0"
      }
    },
    "tslib": {
      "version": "2.6.3",
      "resolved": "https://registry.npmjs.org/tslib/-/tslib-2.6.3.tgz",
      "integrity": "sha512-xNvxJEOUiWPGhUuUdQgAJPKOOJfGnIyKySOc09XkKsgdUV/3E2zvwZYdejjmRgPCgcym1juLH3226yA7sEFJKQ=="
    }
  }
}
